
Microsoft Visual Studio Solution File, Format Version 12.00
# Visual Studio Version 17
VisualStudioVersion = 17.8.34330.188
MinimumVisualStudioVersion = 10.0.40219.1
Project("{FAE04EC0-301F-11D3-BF4B-00C04F79EFBC}") = "BANKAPI", "BANKAPI.csproj", "{7AF39A61-AC85-4388-ADDB-6BF01C61C82D}"
EndProject
Global
	GlobalSection(SolutionConfigurationPlatforms) = preSolution
		Debug|Any CPU = Debug|Any CPU
		Release|Any CPU = Release|Any CPU
	EndGlobalSection
	GlobalSection(ProjectConfigurationPlatforms) = postSolution
		{7AF39A61-AC85-4388-ADDB-6BF01C61C82D}.Debug|Any CPU.ActiveCfg = Debug|Any CPU
		{7AF39A61-AC85-4388-ADDB-6BF01C61C82D}.Debug|Any CPU.Build.0 = Debug|Any CPU
		{7AF39A61-AC85-4388-ADDB-6BF01C61C82D}.Release|Any CPU.ActiveCfg = Release|Any CPU
		{7AF39A61-AC85-4388-ADDB-6BF01C61C82D}.Release|Any CPU.Build.0 = Release|Any CPU
	EndGlobalSection
	GlobalSection(SolutionProperties) = preSolution
		HideSolutionNode = FALSE
	EndGlobalSection
	GlobalSection(ExtensibilityGlobals) = postSolution
		SolutionGuid = {319E5920-1F41-4F97-B345-7999C99A0934}
	EndGlobalSection
EndGlobal
